
Microsoft Visual Studio Solution File, Format Version 12.00
# Visual Studio Version 17
VisualStudioVersion = 17.3.32901.215
MinimumVisualStudioVersion = 10.0.40219.1
Project("{FAE04EC0-301F-11D3-BF4B-00C04F79EFBC}") = "ConsoleApp1", "ConsoleApp1\ConsoleApp1.csproj", "{FAB63A8E-277F-49A2-BD68-4186C96E27FE}"
EndProject
Global
	GlobalSection(SolutionConfigurationPlatforms) = preSolution
		Debug|Any CPU = Debug|Any CPU
		Release|Any CPU = Release|Any CPU
	EndGlobalSection
	GlobalSection(ProjectConfigurationPlatforms) = postSolution
		{FAB63A8E-277F-49A2-BD68-4186C96E27FE}.Debug|Any CPU.ActiveCfg = Debug|Any CPU
		{FAB63A8E-277F-49A2-BD68-4186C96E27FE}.Debug|Any CPU.Build.0 = Debug|Any CPU
		{FAB63A8E-277F-49A2-BD68-4186C96E27FE}.Release|Any CPU.ActiveCfg = Release|Any CPU
		{FAB63A8E-277F-49A2-BD68-4186C96E27FE}.Release|Any CPU.Build.0 = Release|Any CPU
	EndGlobalSection
	GlobalSection(SolutionProperties) = preSolution
		HideSolutionNode = FALSE
	EndGlobalSection
	GlobalSection(ExtensibilityGlobals) = postSolution
		SolutionGuid = {4A0C48AB-B5D6-4A3F-9922-F0524D77E760}
	EndGlobalSection
EndGlobal
